{
  "version": "4",
  "redirects": {
    "https://deno.land/x/validasaur/mod.ts": "https://deno.land/x/validasaur@v0.15.0/mod.ts"
  },
  "remote": {
    "https://cdn.skypack.dev/-/bson@v4.5.4-F38JF4sWndM08oQ5WCDI/dist=es2020,mode=imports/optimized/bson.js": "47f919700b7c3b4a5b3a7843be762ae9406e7cd485311916f198ff5a2da0c751",
    "https://cdn.skypack.dev/pin/bson@v4.5.4-F38JF4sWndM08oQ5WCDI/mode=imports/optimized/bson.js": "fc61370ac798f037e1e7298602b58065dc26496b2f6119c918402fa0e2d60a1c",
    "https://deno.land/std@0.117.0/_util/assert.ts": "2f868145a042a11d5ad0a3c748dcf580add8a0dbc0e876eaa0026303a5488f58",
    "https://deno.land/std@0.117.0/_wasm_crypto/crypto.js": "1c565287b35f6eb1aa58499d0f4fbac99a9c30eb9a735c512d193a6493499e84",
    "https://deno.land/std@0.117.0/_wasm_crypto/crypto.wasm.js": "e93d38b215c05c552669e9565654599b13e7898ebd3f10ac91e39413efda4b84",
    "https://deno.land/std@0.117.0/_wasm_crypto/mod.ts": "9afe300945fe7e5bcec231b52b0016d8442d026b823f619bb5939b2cf66ff21b",
    "https://deno.land/std@0.117.0/async/deferred.ts": "ab60d46ba561abb3b13c0c8085d05797a384b9f182935f051dc67136817acdee",
    "https://deno.land/std@0.117.0/bytes/bytes_list.ts": "3bff6a09c72b2e0b1e92e29bd3b135053894196cca07a2bba842901073efe5cb",
    "https://deno.land/std@0.117.0/bytes/equals.ts": "69f55fdbd45c71f920c1a621e6c0865dc780cd8ae34e0f5e55a9497b70c31c1b",
    "https://deno.land/std@0.117.0/bytes/mod.ts": "fedb80b8da2e7ad8dd251148e65f92a04c73d6c5a430b7d197dc39588c8dda6f",
    "https://deno.land/std@0.117.0/crypto/mod.ts": "8e1ec0ff94a4f08e3c4f72de5b88781566481602614e62291aa7ae7444ba11f0",
    "https://deno.land/std@0.117.0/encoding/base64.ts": "0b58bd6477214838bf711eef43eac21e47ba9e5c81b2ce185fe25d9ecab3ebb3",
    "https://deno.land/std@0.117.0/encoding/hex.ts": "5bc7df19af498c315cdaba69e2fce1b2aef5fc57344e8c21c08991aa8505a260",
    "https://deno.land/std@0.117.0/fmt/colors.ts": "8368ddf2d48dfe413ffd04cdbb7ae6a1009cf0dccc9c7ff1d76259d9c61a0621",
    "https://deno.land/std@0.117.0/io/buffer.ts": "8f10342821b81990acf859cdccb4e4031c7c9187a0ffc3ed6b356ee29ecc6681",
    "https://deno.land/std@0.117.0/io/files.ts": "8794bf6014e6f3183fc5433926dfef4a50eb8d3ec3b6736ebb4277e5f0ce3420",
    "https://deno.land/std@0.117.0/io/mod.ts": "15804a7fe4d00c3a8c3ffa281845a2d0341414336d5c10e668d1a1c8ecec4114",
    "https://deno.land/std@0.117.0/io/readers.ts": "17403919724fef2f343c88555606368868a5c752a1099ad801f6a381c170f62d",
    "https://deno.land/std@0.117.0/io/streams.ts": "531a435ca1b3586e113151fbbd28f225720f4836f6002650b1ad4b18fb63ac1b",
    "https://deno.land/std@0.117.0/io/util.ts": "96409103aa87b0eb0ddc494666a3514a6e969a1a3e7f69e100115ab7a1f532fb",
    "https://deno.land/std@0.117.0/io/writers.ts": "10067b4e637c602c0ae6bb3b8285da76edeb988f43add4ec4b969c76e17d8a98",
    "https://deno.land/std@0.117.0/streams/conversion.ts": "fe0059ed9d3c53eda4ba44eb71a6a9acb98c5fdb5ba1b6c6ab28004724c7641b",
    "https://deno.land/std@0.117.0/testing/_diff.ts": "e6a10d2aca8d6c27a9c5b8a2dbbf64353874730af539707b5b39d4128140642d",
    "https://deno.land/std@0.117.0/testing/asserts.ts": "a1fef0239a2c343b0baa49c77dcdd7412613c46f3aba2887c331a2d7ed1f645e",
    "https://deno.land/x/mongo@v0.28.1/bson/bson.ts": "b9c2a1e4b4419bc7e788f0a44996812174393083278c3552e22dcf675693a563",
    "https://deno.land/x/mongo@v0.28.1/deps.ts": "6c61093d6df600d3ea7520edc4903fe86dab0d5ccf452b41b4e6f8a1f014ea74",
    "https://deno.land/x/mongo@v0.28.1/mod.ts": "665e574d7e51cb97be47de48d693b0f0d45bd9cad9674c5c56613f46533bc07b",
    "https://deno.land/x/mongo@v0.28.1/src/auth/base.ts": "3a66fc307c6548bcef0e82cef391c8731f15cb04125094f978c0ca536287db3a",
    "https://deno.land/x/mongo@v0.28.1/src/auth/mod.ts": "b161611bd5be9e9d1b4497227c8ea93ad4daadcd98038c9e5a707bc5da7a25ca",
    "https://deno.land/x/mongo@v0.28.1/src/auth/pbkdf2.ts": "1f1db192fd37869d118ab34780b64567ebcf0ad83a03ef28b3d740cae9adb47a",
    "https://deno.land/x/mongo@v0.28.1/src/auth/scram.ts": "4ec28f58a210b87231e9e55a676628fb1b5a853bfb22c2e36b3ae348b368f671",
    "https://deno.land/x/mongo@v0.28.1/src/auth/x509.ts": "6ce3a17a3b961e1f278b24e859f562c42647efea5072e69030e0e5870ac70b9c",
    "https://deno.land/x/mongo@v0.28.1/src/client.ts": "823ba7d7c17135eeb7bcf4f4783b788f26df40bd2a2ce0e26ea99ffd19c18a5b",
    "https://deno.land/x/mongo@v0.28.1/src/cluster.ts": "40be6bcb22337b2f5c87adcdadf6c841975fd4202eec00fcf4a029a58800c2d1",
    "https://deno.land/x/mongo@v0.28.1/src/collection/collection.ts": "e3b12fa6ebb490acc9761cb63acc30a266821008581b25f92de46c3e42235ea2",
    "https://deno.land/x/mongo@v0.28.1/src/collection/commands/aggregate.ts": "9ed10eacbdcd61c020d91b831d4bffa75afd3c4c272fa69e1aaf77bc339d526f",
    "https://deno.land/x/mongo@v0.28.1/src/collection/commands/find.ts": "247e00d69efef7c6f33a82cb2055cc27e00e7e9dd5232a5cb9d6e65a64c1bbbe",
    "https://deno.land/x/mongo@v0.28.1/src/collection/commands/list_indexes.ts": "d32a5120305d0547497026b4f5ab2ecc2f40ff7f44c405b99c2a0287765333f5",
    "https://deno.land/x/mongo@v0.28.1/src/collection/commands/update.ts": "4c5cc7bfd9e9d4d7d120595615045037cfda520be4a722a0c38f9543ff485e8b",
    "https://deno.land/x/mongo@v0.28.1/src/collection/mod.ts": "bd791a0b9b46be4365f88c54893584eadec2f8cd799db9eb05e0b5b4c8d72b8e",
    "https://deno.land/x/mongo@v0.28.1/src/database.ts": "e1035b010445ceb73436042d99b5ce39afaff4293e9b5e7333b1aa74fda9a107",
    "https://deno.land/x/mongo@v0.28.1/src/error.ts": "9e24b26b25119373bb5c13930ccf807a4bdcfe6633dcd94f04c6df7636d70d34",
    "https://deno.land/x/mongo@v0.28.1/src/gridfs/bucket.ts": "e988aede2a051987ad14acbcdcb1ae2815148c487d480b0e7a4499709fee9da3",
    "https://deno.land/x/mongo@v0.28.1/src/gridfs/indexes.ts": "a0ea4369bf48d119038ac9e8a2fb0bcf974847fe880f74e40dea60e76315343f",
    "https://deno.land/x/mongo@v0.28.1/src/gridfs/upload.ts": "20acb3aa195134e4cf7bc24337cb00029f7c94323347b003ce831f23b5b2f1b1",
    "https://deno.land/x/mongo@v0.28.1/src/protocol/cursor.ts": "9692ab4045514811860fd53faa3aba04a412be6e347b22001b62693dca097ad2",
    "https://deno.land/x/mongo@v0.28.1/src/protocol/handshake.ts": "a5bef517984f56eca54ca4b82d81da83a9327daf60ef47d14fe4764cc611c9a4",
    "https://deno.land/x/mongo@v0.28.1/src/protocol/header.ts": "0f28db842f886e57b7013606c1391affab2e2960a1a4568d2502e7b788117716",
    "https://deno.land/x/mongo@v0.28.1/src/protocol/message.ts": "65a3f6b7eb6b6d623a858ddcff175c7dca86ee0df36ca7aec8dcb0fbf5794c15",
    "https://deno.land/x/mongo@v0.28.1/src/protocol/mod.ts": "4e24d563049c0a236234598ca786ca13778dc17fdb80ac543ac6c75d0c5094d7",
    "https://deno.land/x/mongo@v0.28.1/src/protocol/protocol.ts": "31ef11c927496b11364719d52d7ff1a77568042f0b3af7bad8de0e31984e869f",
    "https://deno.land/x/mongo@v0.28.1/src/types.ts": "9491a89586254ca5c8b96ce7cdece0a45447b99f2695f8e59abefb325a32519a",
    "https://deno.land/x/mongo@v0.28.1/src/types/gridfs.ts": "2f8a7f4f7ac9f7087e9f88d8e752432014fcccb1255d015dd29af225d6d50a61",
    "https://deno.land/x/mongo@v0.28.1/src/types/read_write_concern.ts": "d00f35eb85520e776741888685d08d479766a19e9a0a970b53f4594c9db00496",
    "https://deno.land/x/mongo@v0.28.1/src/utils/bson.ts": "ac9bdb797a179c71f5c4498234cdfbd49b87253fbfdd0be413859b22c5e60e96",
    "https://deno.land/x/mongo@v0.28.1/src/utils/ns.ts": "fb0c57b8dc4d31f8993112d267dec3c163d3e8862198d1cd03b2b51bcc3caad9",
    "https://deno.land/x/mongo@v0.28.1/src/utils/saslprep/deps.ts": "95ceb81b353110526dacf2a98854bc79d6e17d7f173af8806e91c05555d7b8c7",
    "https://deno.land/x/mongo@v0.28.1/src/utils/saslprep/load_code_points.ts": "f6a4ef2eb2345eac40ffbf1a30661cca803f399865f2a0fadafb71f57d4c97bf",
    "https://deno.land/x/mongo@v0.28.1/src/utils/saslprep/memory_pager.ts": "f55a79a13ec569c21630c3915a9af0c6fc0aa2b899121fa2a85a813c6dd4afba",
    "https://deno.land/x/mongo@v0.28.1/src/utils/saslprep/mod.ts": "0a8a39a0784d065a79c54ce63d7d7b103d0b94addc5b7bcf985517ba2442c8a1",
    "https://deno.land/x/mongo@v0.28.1/src/utils/saslprep/sparse_bitfield.ts": "07d6fe2ecd4ba5f711c44c1ae409bb9c1fe3a3cfc09e27434d231d4aae46dd2d",
    "https://deno.land/x/mongo@v0.28.1/src/utils/srv.ts": "09c207069ea6fec02ddcd77c797171e556771dd940eb190a95cf4c7138e87baa",
    "https://deno.land/x/mongo@v0.28.1/src/utils/uri.ts": "a3d80622c8a8eed6bae422cfd817af8e1f62523fcc1e7c019b3d7b7cff0d0f7a",
    "https://deno.land/x/validasaur@v0.15.0/mod.ts": "0753bce6aa757a1dbc59592ad54e36cba97cd6588e777183cc5cee35b37261a8",
    "https://deno.land/x/validasaur@v0.15.0/src/interfaces.ts": "81f30c34b563f08b384b39fc91a2eef2a81c5c3445e380a1229ea92f400bd410",
    "https://deno.land/x/validasaur@v0.15.0/src/messages.ts": "00b32752737e973e9b6dd4a90ec0a066fe5af48a592c348ce05da093be90869b",
    "https://deno.land/x/validasaur@v0.15.0/src/rules.ts": "bda84df706e25957dfe66d19cb291ad0ff3a6bf32a4ae5fec6613d02f0b460d7",
    "https://deno.land/x/validasaur@v0.15.0/src/rules/date_after.ts": "87372bfba74286f53b786cbef37db7e4d68ececfedbbeb1a03313a70816c1767",
    "https://deno.land/x/validasaur@v0.15.0/src/rules/date_after_or_equal.ts": "8765337c31a14c11df5cf9db765c375079919e31f14509dd49ca013b9868e2d3",
    "https://deno.land/x/validasaur@v0.15.0/src/rules/date_before.ts": "c654a5c0f03898a8324824187dcccbe0fc8b4ef85192a2e506a33b02b99af921",
    "https://deno.land/x/validasaur@v0.15.0/src/rules/date_before_or_equal.ts": "dddccf6359e75e9ef8bfff41d6b4e461b85301c19169d02e8953072c9caa52b0",
    "https://deno.land/x/validasaur@v0.15.0/src/rules/date_between.ts": "266c75ddb288327cba2e38a60ff768fec12d9a620302408ce91aa96b3331b9e0",
    "https://deno.land/x/validasaur@v0.15.0/src/rules/either.ts": "3297f3c9fe19dec5fc86a5f8d1f0b0a5930c357e2c4a4ca6a74dcac74c0c2c05",
    "https://deno.land/x/validasaur@v0.15.0/src/rules/ends_with.ts": "eee020606b025ba9a5a1df5ae271a7a323448495e6dc5382e141b364e040ee61",
    "https://deno.land/x/validasaur@v0.15.0/src/rules/is_array.ts": "0affcc5a12d7d324fd9ffbe2a8a336207e2c63d0e2d76dda7dfdb96eaa2c415f",
    "https://deno.land/x/validasaur@v0.15.0/src/rules/is_bool.ts": "8985e7675336ced7795f1f77c181c0eef060e6628d4483717fa634bd0ee53ab8",
    "https://deno.land/x/validasaur@v0.15.0/src/rules/is_date.ts": "7a08c19d2d8c115638acf4f8abd7918b35025cb9ba84228dec27594cc50028df",
    "https://deno.land/x/validasaur@v0.15.0/src/rules/is_email.ts": "7aa152067da0326fab08d6facef6ab42ab5979016582609d0792719372fafe8c",
    "https://deno.land/x/validasaur@v0.15.0/src/rules/is_float.ts": "3a700eabab6e85708e62be0f6b5f36e675fe2a10a367def8d5d436e2ad627bd8",
    "https://deno.land/x/validasaur@v0.15.0/src/rules/is_in.ts": "f012257894012dc2b417da16d61f771ccfbfc5cadc0c9fd5a2c531457f54af94",
    "https://deno.land/x/validasaur@v0.15.0/src/rules/is_int.ts": "720a8651658223363d3667eb7b131e39ce66c6b33474dc2e615ae7751edd49dc",
    "https://deno.land/x/validasaur@v0.15.0/src/rules/is_ipv4.ts": "97eab075f507abf527330f383ca7f19e9ae03e9cd31a9ee91a032a12b5d43f67",
    "https://deno.land/x/validasaur@v0.15.0/src/rules/is_ipv6.ts": "27ef5b36ebb9a4e4b2ad99b670b56c82b3620cccef81db9ddaf5160fc98b9663",
    "https://deno.land/x/validasaur@v0.15.0/src/rules/is_number.ts": "052caf27f1ba864355988788e76e1fdaebb2c213f4ca70e18959d4ab76a2e796",
    "https://deno.land/x/validasaur@v0.15.0/src/rules/is_numeric.ts": "1c7150d7ef72e7ec07fd1901c705d097bf6e42785bf552e3e45a6915a6518cb0",
    "https://deno.land/x/validasaur@v0.15.0/src/rules/is_string.ts": "f1e746ff82a528757e9aa29a359592164f5c1281c672d3bd3af79c60f940015a",
    "https://deno.land/x/validasaur@v0.15.0/src/rules/length_between.ts": "172ccec9a48764cc4a5e1bab73631d11376ea9b198b36d2be0fb9c332a85af59",
    "https://deno.land/x/validasaur@v0.15.0/src/rules/match.ts": "f77dce3bb91accda34cce8902ece104153dff0f0a567290560dcb6eae061299c",
    "https://deno.land/x/validasaur@v0.15.0/src/rules/max_length.ts": "4190065445d0765f3eb4e4489417899b45933f3104ab8a4b431faa652844b560",
    "https://deno.land/x/validasaur@v0.15.0/src/rules/max_number.ts": "983ac1b43fc58a5cab2ae0fc45e482322f0235daaeeb4c3d7a2222c4737bbf63",
    "https://deno.land/x/validasaur@v0.15.0/src/rules/min_length.ts": "684929b65f6d46aa13b317d732d0f5077f4e88eb888216ceef33bc7fdccd6f24",
    "https://deno.land/x/validasaur@v0.15.0/src/rules/min_number.ts": "3360d7ec8b191633bfab9ce17c9d24b7eeb31a1f791e5fb6b9fedf3af50435e0",
    "https://deno.land/x/validasaur@v0.15.0/src/rules/not_in.ts": "a796f33f12887f3881f235380b2ef0f7d2cf67dc21a0b3cc492f49051c60af5a",
    "https://deno.land/x/validasaur@v0.15.0/src/rules/not_null.ts": "ae57aab9e0ff7818ba214061032d2918e3d1900c1bfc492edfd2c0817af11e8b",
    "https://deno.land/x/validasaur@v0.15.0/src/rules/nullable.ts": "b7b4f9a3c9d3dc6aff89bc3acaf8f6507ba512de0607868bcdbb2788d5fae804",
    "https://deno.land/x/validasaur@v0.15.0/src/rules/number_between.ts": "171037b8f785eeea6b1dd22dc5c6000bffd46912a09e0325d1ca7f341a5a4591",
    "https://deno.land/x/validasaur@v0.15.0/src/rules/required.ts": "3ae87569f301b07f48f4e1c32b37274e3084d92035f6eeca2ad3e8fdf7c2f63b",
    "https://deno.land/x/validasaur@v0.15.0/src/rules/required_if.ts": "7e37332fa5a23a1558aae4867a8484b2b413c1a7ad2f90b5424ab8631046f2e2",
    "https://deno.land/x/validasaur@v0.15.0/src/rules/required_unless.ts": "0d6af590b9e9c34147a02fe206cb94fa1e3c3fcd251fa19ae973b153b256162c",
    "https://deno.land/x/validasaur@v0.15.0/src/rules/required_when.ts": "caf2c3d5937672309d7d690198ee1a1e3fb244d17563d02e1fbaae1bc2497774",
    "https://deno.land/x/validasaur@v0.15.0/src/rules/starts_with.ts": "31b92152ce9cb650ba7ded96f4969e6626e11d7007ab286edb1b5a0f35a71e71",
    "https://deno.land/x/validasaur@v0.15.0/src/rules/validate_array.ts": "9a74d748cc8a1d59aa5edd2fcade452bc701c3c48b366164b9216ffaf9ed3331",
    "https://deno.land/x/validasaur@v0.15.0/src/rules/validate_object.ts": "396ee422f35295ee1f96a7937bcaed07cb580480502782b73554b1c92f908235",
    "https://deno.land/x/validasaur@v0.15.0/src/types.ts": "b7dec9b9f89b2fcb9984f8082a379174495e4d009743320f714cfb4ad9296cbe",
    "https://deno.land/x/validasaur@v0.15.0/src/utils.ts": "7a6b8d2a320288890e931aa89baaaffa931bc3eabf118eac968d82f118021b50",
    "https://deno.land/x/validasaur@v0.15.0/src/validate.ts": "d3b021e3aa982de4d03981459f4622a7438d9d3fd213cf27deb193e4c3012dfa"
  }
}
